
Microsoft Visual Studio Solution File, Format Version 12.00
# Visual Studio Version 17
VisualStudioVersion = 17.6.33723.286
MinimumVisualStudioVersion = 10.0.40219.1
Project("{9A19103F-16F7-4668-BE54-9A1E7A4F7556}") = "OrderProcessor.Data", "OrderProcessor.Data\OrderProcessor.Data.csproj", "{5F2ED65B-0E90-4125-8F32-DDEB8D1B8304}"
EndProject
Project("{9A19103F-16F7-4668-BE54-9A1E7A4F7556}") = "OrderProcessor.Domain", "OrderProcessor.Domain\OrderProcessor.Domain.csproj", "{9CBB490A-273B-46E0-84C5-1CF200245CD5}"
EndProject
Project("{9A19103F-16F7-4668-BE54-9A1E7A4F7556}") = "OrderProcessor.Presentation", "OrderProcessor.Presentation\OrderProcessor.Presentation.csproj", "{3622A64B-9A3C-4D5C-94B3-D9343A5B367B}"
EndProject
Project("{9A19103F-16F7-4668-BE54-9A1E7A4F7556}") = "OrderProcessor.Test", "OrderProcessor.Test\OrderProcessor.Test.csproj", "{D00D7925-F9F3-43BB-871F-AEBD77445652}"
EndProject
Project("{FAE04EC0-301F-11D3-BF4B-00C04F79EFBC}") = "OrderProcessor.Wpf", "OrderProcessor.Wpf\OrderProcessor.Wpf.csproj", "{BBC311E2-2438-44AF-9109-3A0C9E3398E3}"
EndProject
Global
	GlobalSection(SolutionConfigurationPlatforms) = preSolution
		Debug|Any CPU = Debug|Any CPU
		Release|Any CPU = Release|Any CPU
	EndGlobalSection
	GlobalSection(ProjectConfigurationPlatforms) = postSolution
		{5F2ED65B-0E90-4125-8F32-DDEB8D1B8304}.Debug|Any CPU.ActiveCfg = Debug|Any CPU
		{5F2ED65B-0E90-4125-8F32-DDEB8D1B8304}.Debug|Any CPU.Build.0 = Debug|Any CPU
		{5F2ED65B-0E90-4125-8F32-DDEB8D1B8304}.Release|Any CPU.ActiveCfg = Release|Any CPU
		{5F2ED65B-0E90-4125-8F32-DDEB8D1B8304}.Release|Any CPU.Build.0 = Release|Any CPU
		{9CBB490A-273B-46E0-84C5-1CF200245CD5}.Debug|Any CPU.ActiveCfg = Debug|Any CPU
		{9CBB490A-273B-46E0-84C5-1CF200245CD5}.Debug|Any CPU.Build.0 = Debug|Any CPU
		{9CBB490A-273B-46E0-84C5-1CF200245CD5}.Release|Any CPU.ActiveCfg = Release|Any CPU
		{9CBB490A-273B-46E0-84C5-1CF200245CD5}.Release|Any CPU.Build.0 = Release|Any CPU
		{3622A64B-9A3C-4D5C-94B3-D9343A5B367B}.Debug|Any CPU.ActiveCfg = Debug|Any CPU
		{3622A64B-9A3C-4D5C-94B3-D9343A5B367B}.Debug|Any CPU.Build.0 = Debug|Any CPU
		{3622A64B-9A3C-4D5C-94B3-D9343A5B367B}.Release|Any CPU.ActiveCfg = Release|Any CPU
		{3622A64B-9A3C-4D5C-94B3-D9343A5B367B}.Release|Any CPU.Build.0 = Release|Any CPU
		{D00D7925-F9F3-43BB-871F-AEBD77445652}.Debug|Any CPU.ActiveCfg = Debug|Any CPU
		{D00D7925-F9F3-43BB-871F-AEBD77445652}.Debug|Any CPU.Build.0 = Debug|Any CPU
		{D00D7925-F9F3-43BB-871F-AEBD77445652}.Release|Any CPU.ActiveCfg = Release|Any CPU
		{D00D7925-F9F3-43BB-871F-AEBD77445652}.Release|Any CPU.Build.0 = Release|Any CPU
		{BBC311E2-2438-44AF-9109-3A0C9E3398E3}.Debug|Any CPU.ActiveCfg = Debug|Any CPU
		{BBC311E2-2438-44AF-9109-3A0C9E3398E3}.Debug|Any CPU.Build.0 = Debug|Any CPU
		{BBC311E2-2438-44AF-9109-3A0C9E3398E3}.Release|Any CPU.ActiveCfg = Release|Any CPU
		{BBC311E2-2438-44AF-9109-3A0C9E3398E3}.Release|Any CPU.Build.0 = Release|Any CPU
	EndGlobalSection
	GlobalSection(SolutionProperties) = preSolution
		HideSolutionNode = FALSE
	EndGlobalSection
	GlobalSection(ExtensibilityGlobals) = postSolution
		SolutionGuid = {31785B86-ECDB-4BBD-98E6-4EB75B5ADC7F}
	EndGlobalSection
EndGlobal
